<?xml version="1.0" encoding="utf-8"?>
<Project ToolsVersion="4.0" xmlns="http://schemas.microsoft.com/developer/msbuild/2003">
  <ItemGroup>
    <Filter Include="Source Files">
      <UniqueIdentifier>{4FC737F1-C7A5-4376-A066-2A32D752A2FF}</UniqueIdentifier>
      <Extensions>cpp;c;cc;cxx;def;odl;idl;hpj;bat;asm;asmx</Extensions>
    </Filter>
    <Filter Include="Header Files">
      <UniqueIdentifier>{93995380-89BD-4b04-88EB-625FBE52EBFB}</UniqueIdentifier>
      <Extensions>h;hpp;hxx;hm;inl;inc;xsd</Extensions>
    </Filter>
    <Filter Include="Resource Files">
      <UniqueIdentifier>{67DA6AB6-F800-4c08-8B7A-83BB121AAD01}</UniqueIdentifier>
      <Extensions>rc;ico;cur;bmp;dlg;rc2;rct;bin;rgs;gif;jpg;jpeg;jpe;resx;tiff;tif;png;wav;mfcribbon-ms</Extensions>
    </Filter>
    <Filter Include="Shaders">
      <UniqueIdentifier>{28b67d91-9ead-4928-b478-9fcb0cd981e9}</UniqueIdentifier>
    </Filter>
    <Filter Include="Shaders\Erosion">
      <UniqueIdentifier>{c4c4a5df-a3ed-4995-ac60-73f6635e0ab5}</UniqueIdentifier>
    </Filter>
    <Filter Include="Shaders\Terrain Tessellation">
      <UniqueIdentifier>{ac5d7ae0-b901-42cb-8735-067dae251efb}</UniqueIdentifier>
    </Filter>
    <Filter Include="Shaders\Normal">
      <UniqueIdentifier>{94d66d5c-4561-4123-af3a-a24b89652d9c}</UniqueIdentifier>
    </Filter>
    <Filter Include="Shaders\Test">
      <UniqueIdentifier>{cc301730-1ca7-4584-bda1-4e51ea70f6ba}</UniqueIdentifier>
    </Filter>
    <Filter Include="Shaders\Rendering">
      <UniqueIdentifier>{d31be426-7982-4cd3-a624-32ecd8ff30e7}</UniqueIdentifier>
    </Filter>
  </ItemGroup>
  <ItemGroup>
    <None Include="..\..\shaders\static_quad_heightmap.frag">
      <Filter>Shaders\Terrain Tessellation</Filter>
    </None>
    <None Include="..\..\shaders\static_quad_heightmap.tc">
      <Filter>Shaders\Terrain Tessellation</Filter>
    </None>
    <None Include="..\..\shaders\static_quad_heightmap.te">
      <Filter>Shaders\Terrain Tessellation</Filter>
    </None>
    <None Include="..\..\shaders\static_quad_heightmap.vert">
      <Filter>Shaders\Terrain Tessellation</Filter>
    </None>
    <None Include="..\..\shaders\tessNoise.tc">
      <Filter>Shaders\Terrain Tessellation</Filter>
    </None>
    <None Include="..\..\shaders\tessNoise.te">
      <Filter>Shaders\Terrain Tessellation</Filter>
    </None>
    <None Include="..\..\shaders\Erosion_Deposition.frag">
      <Filter>Shaders\Erosion</Filter>
    </None>
    <None Include="..\..\shaders\Erosion_Deposition.vert">
      <Filter>Shaders\Erosion</Filter>
    </None>
    <None Include="..\..\shaders\Evaporation.frag">
      <Filter>Shaders\Erosion</Filter>
    </None>
    <None Include="..\..\shaders\Evaporation.vert">
      <Filter>Shaders\Erosion</Filter>
    </None>
    <None Include="..\..\shaders\Sediment_Transport.frag">
      <Filter>Shaders\Erosion</Filter>
    </None>
    <None Include="..\..\shaders\Sediment_Transport.vert">
      <Filter>Shaders\Erosion</Filter>
    </None>
    <None Include="..\..\shaders\Water_Increment.frag">
      <Filter>Shaders\Erosion</Filter>
    </None>
    <None Include="..\..\shaders\Water_Increment.vert">
      <Filter>Shaders\Erosion</Filter>
    </None>
    <None Include="..\..\shaders\Terrain_Initialization.vert">
      <Filter>Shaders\Erosion</Filter>
    </None>
    <None Include="..\..\shaders\Flow_Sim_Flux_Update.frag">
      <Filter>Shaders\Erosion</Filter>
    </None>
    <None Include="..\..\shaders\Flow_Sim_Flux_Update.vert">
      <Filter>Shaders\Erosion</Filter>
    </None>
    <None Include="..\..\shaders\Flow_Sim_Velocity_Field_Update.frag">
      <Filter>Shaders\Erosion</Filter>
    </None>
    <None Include="..\..\shaders\Flow_Sim_Velocity_Field_Update.vert">
      <Filter>Shaders\Erosion</Filter>
    </None>
    <None Include="..\..\shaders\Flow_Sim_Water_Height_Update.frag">
      <Filter>Shaders\Erosion</Filter>
    </None>
    <None Include="..\..\shaders\Flow_Sim_Water_Height_Update.vert">
      <Filter>Shaders\Erosion</Filter>
    </None>
    <None Include="..\..\shaders\Copy_Texture.frag">
      <Filter>Shaders\Erosion</Filter>
    </None>
    <None Include="..\..\shaders\Copy_Texture.vert">
      <Filter>Shaders\Erosion</Filter>
    </None>
    <None Include="..\..\shaders\nmap.frag">
      <Filter>Shaders\Normal</Filter>
    </None>
    <None Include="..\..\shaders\nmap.vert">
      <Filter>Shaders\Normal</Filter>
    </None>
    <None Include="..\..\shaders\pass.frag">
      <Filter>Shaders\Test</Filter>
    </None>
    <None Include="..\..\shaders\pass.vert">
      <Filter>Shaders\Test</Filter>
    </None>
    <None Include="..\..\shaders\pass.tc">
      <Filter>Shaders\Test</Filter>
    </None>
    <None Include="..\..\shaders\pass.te">
      <Filter>Shaders\Test</Filter>
    </None>
    <None Include="..\..\shaders\static_heightmap.frag">
      <Filter>Shaders\Test</Filter>
    </None>
    <None Include="..\..\shaders\static_heightmap.vert">
      <Filter>Shaders\Test</Filter>
    </None>
    <None Include="..\..\shaders\static_heightmap.tc">
      <Filter>Shaders\Test</Filter>
    </None>
    <None Include="..\..\shaders\static_heightmap.te">
      <Filter>Shaders\Test</Filter>
    </None>
    <None Include="..\..\shaders\water.vert">
      <Filter>Shaders\Rendering</Filter>
    </None>
    <None Include="..\..\shaders\skybox.frag">
      <Filter>Shaders\Rendering</Filter>
    </None>
    <None Include="..\..\shaders\skybox.vert">
      <Filter>Shaders\Rendering</Filter>
    </None>
    <None Include="..\..\shaders\water.frag">
      <Filter>Shaders\Rendering</Filter>
    </None>
    <None Include="..\..\shaders\fbo_test.frag">
      <Filter>Shaders\Test</Filter>
    </None>
    <None Include="..\..\shaders\fbo_test.vert">
      <Filter>Shaders\Test</Filter>
    </None>
    <None Include="..\..\shaders\smooth.frag">
      <Filter>Shaders\Normal</Filter>
    </None>
    <None Include="..\..\shaders\smoothIntermediate.frag">
      <Filter>Shaders\Normal</Filter>
    </None>
    <None Include="..\..\shaders\Terrain_Initialization.frag">
      <Filter>Shaders\Erosion</Filter>
    </None>
  </ItemGroup>
  <ItemGroup>
    <ClInclude Include="..\..\src\main.h">
      <Filter>Header Files</Filter>
    </ClInclude>
    <ClInclude Include="..\..\src\camera.h">
      <Filter>Header Files</Filter>
    </ClInclude>
    <ClInclude Include="..\..\src\plane.h">
      <Filter>Header Files</Filter>
    </ClInclude>
    <ClInclude Include="..\..\src\glslUtility.h">
      <Filter>Header Files</Filter>
    </ClInclude>
    <ClInclude Include="..\..\src\constants.h">
      <Filter>Header Files</Filter>
    </ClInclude>
    <ClInclude Include="..\..\src\fboUtility.h">
      <Filter>Header Files</Filter>
    </ClInclude>
    <ClInclude Include="..\..\src\skybox.h">
      <Filter>Header Files</Filter>
    </ClInclude>
  </ItemGroup>
  <ItemGroup>
    <ClCompile Include="..\..\src\main.cpp">
      <Filter>Source Files</Filter>
    </ClCompile>
    <ClCompile Include="..\..\src\camera.cpp">
      <Filter>Source Files</Filter>
    </ClCompile>
    <ClCompile Include="..\..\src\plane.cpp">
      <Filter>Source Files</Filter>
    </ClCompile>
    <ClCompile Include="..\..\src\glslUtility.cpp">
      <Filter>Source Files</Filter>
    </ClCompile>
    <ClCompile Include="..\..\src\constants.cpp">
      <Filter>Source Files</Filter>
    </ClCompile>
    <ClCompile Include="..\..\src\fboUtility.cpp">
      <Filter>Source Files</Filter>
    </ClCompile>
    <ClCompile Include="..\..\src\skybox.cpp">
      <Filter>Source Files</Filter>
    </ClCompile>
  </ItemGroup>
</Project>